
Microsoft Visual Studio Solution File, Format Version 12.00
# Visual Studio Version 16
VisualStudioVersion = 16.0.29905.134
MinimumVisualStudioVersion = 10.0.40219.1
Project("{9A19103F-16F7-4668-BE54-9A1E7A4F7556}") = "NGKHandIn3", "NGKHandIn3.csproj", "{CC0086ED-94BE-4031-B3B2-231084B0B707}"
EndProject
Project("{FAE04EC0-301F-11D3-BF4B-00C04F79EFBC}") = "WeatherObservations.Test.Unit", "..\WeatherObservations.Test.Unit\WeatherObservations.Test.Unit.csproj", "{250F0B85-519A-4EAF-BC23-92D9E671F065}"
EndProject
Global
	GlobalSection(SolutionConfigurationPlatforms) = preSolution
		Debug|Any CPU = Debug|Any CPU
		Release|Any CPU = Release|Any CPU
	EndGlobalSection
	GlobalSection(ProjectConfigurationPlatforms) = postSolution
		{CC0086ED-94BE-4031-B3B2-231084B0B707}.Debug|Any CPU.ActiveCfg = Debug|Any CPU
		{CC0086ED-94BE-4031-B3B2-231084B0B707}.Debug|Any CPU.Build.0 = Debug|Any CPU
		{CC0086ED-94BE-4031-B3B2-231084B0B707}.Release|Any CPU.ActiveCfg = Release|Any CPU
		{CC0086ED-94BE-4031-B3B2-231084B0B707}.Release|Any CPU.Build.0 = Release|Any CPU
		{250F0B85-519A-4EAF-BC23-92D9E671F065}.Debug|Any CPU.ActiveCfg = Debug|Any CPU
		{250F0B85-519A-4EAF-BC23-92D9E671F065}.Debug|Any CPU.Build.0 = Debug|Any CPU
		{250F0B85-519A-4EAF-BC23-92D9E671F065}.Release|Any CPU.ActiveCfg = Release|Any CPU
		{250F0B85-519A-4EAF-BC23-92D9E671F065}.Release|Any CPU.Build.0 = Release|Any CPU
	EndGlobalSection
	GlobalSection(SolutionProperties) = preSolution
		HideSolutionNode = FALSE
	EndGlobalSection
	GlobalSection(ExtensibilityGlobals) = postSolution
		SolutionGuid = {DA4DFED0-6D93-46A3-BC71-EAD4EFB261F0}
	EndGlobalSection
EndGlobal
